
Microsoft Visual Studio Solution File, Format Version 12.00
# Visual Studio 14
VisualStudioVersion = 14.0.24720.0
MinimumVisualStudioVersion = 10.0.40219.1
Project("{FAE04EC0-301F-11D3-BF4B-00C04F79EFBC}") = "SoldOutCleanser", "SoldOut\SoldOutCleanser.csproj", "{BE8298E5-4BDB-4554-B8A9-70368D532B1B}"
EndProject
Project("{FAE04EC0-301F-11D3-BF4B-00C04F79EFBC}") = "eBay.Services", "eBay.Services\eBay.Services.csproj", "{742D29F1-BBCE-4C7F-ABA8-239DE44F8D60}"
EndProject
Project("{FAE04EC0-301F-11D3-BF4B-00C04F79EFBC}") = "SoldOutHarness", "SoldOutHarness\SoldOutHarness.csproj", "{36248314-C5E7-4A1A-BDB5-8E3A5E4666CE}"
EndProject
Project("{FAE04EC0-301F-11D3-BF4B-00C04F79EFBC}") = "SoldOutBusiness", "SoldOutBusiness\SoldOutBusiness.csproj", "{65F592F6-5360-4626-ADE9-86A76540BC23}"
EndProject
Project("{FAE04EC0-301F-11D3-BF4B-00C04F79EFBC}") = "SoldOutSearchMonkey", "SoldOutSearchMonkey\SoldOutSearchMonkey.csproj", "{6E078F57-F339-4A88-9CA2-99606CF79B0B}"
EndProject
Project("{FAE04EC0-301F-11D3-BF4B-00C04F79EFBC}") = "SoldOutWeb", "SoldOutWeb\SoldOutWeb.csproj", "{90E9ACF2-3040-488B-A29A-2CCD0B750640}"
EndProject
Project("{2150E333-8FDC-42A3-9474-1A3956D46DE8}") = "DB Scripts", "DB Scripts", "{B7112A32-DD59-4FB8-BC29-805D6E9707B1}"
	ProjectSection(SolutionItems) = preProject
		DB Scripts\SoldOut.sql = DB Scripts\SoldOut.sql
	EndProjectSection
EndProject
Global
	GlobalSection(SolutionConfigurationPlatforms) = preSolution
		Debug|Any CPU = Debug|Any CPU
		Release|Any CPU = Release|Any CPU
	EndGlobalSection
	GlobalSection(ProjectConfigurationPlatforms) = postSolution
		{BE8298E5-4BDB-4554-B8A9-70368D532B1B}.Debug|Any CPU.ActiveCfg = Debug|Any CPU
		{BE8298E5-4BDB-4554-B8A9-70368D532B1B}.Debug|Any CPU.Build.0 = Debug|Any CPU
		{BE8298E5-4BDB-4554-B8A9-70368D532B1B}.Release|Any CPU.ActiveCfg = Release|Any CPU
		{BE8298E5-4BDB-4554-B8A9-70368D532B1B}.Release|Any CPU.Build.0 = Release|Any CPU
		{742D29F1-BBCE-4C7F-ABA8-239DE44F8D60}.Debug|Any CPU.ActiveCfg = Debug|Any CPU
		{742D29F1-BBCE-4C7F-ABA8-239DE44F8D60}.Debug|Any CPU.Build.0 = Debug|Any CPU
		{742D29F1-BBCE-4C7F-ABA8-239DE44F8D60}.Release|Any CPU.ActiveCfg = Release|Any CPU
		{742D29F1-BBCE-4C7F-ABA8-239DE44F8D60}.Release|Any CPU.Build.0 = Release|Any CPU
		{36248314-C5E7-4A1A-BDB5-8E3A5E4666CE}.Debug|Any CPU.ActiveCfg = Debug|Any CPU
		{36248314-C5E7-4A1A-BDB5-8E3A5E4666CE}.Debug|Any CPU.Build.0 = Debug|Any CPU
		{36248314-C5E7-4A1A-BDB5-8E3A5E4666CE}.Release|Any CPU.ActiveCfg = Release|Any CPU
		{36248314-C5E7-4A1A-BDB5-8E3A5E4666CE}.Release|Any CPU.Build.0 = Release|Any CPU
		{65F592F6-5360-4626-ADE9-86A76540BC23}.Debug|Any CPU.ActiveCfg = Debug|Any CPU
		{65F592F6-5360-4626-ADE9-86A76540BC23}.Debug|Any CPU.Build.0 = Debug|Any CPU
		{65F592F6-5360-4626-ADE9-86A76540BC23}.Release|Any CPU.ActiveCfg = Release|Any CPU
		{65F592F6-5360-4626-ADE9-86A76540BC23}.Release|Any CPU.Build.0 = Release|Any CPU
		{6E078F57-F339-4A88-9CA2-99606CF79B0B}.Debug|Any CPU.ActiveCfg = Debug|Any CPU
		{6E078F57-F339-4A88-9CA2-99606CF79B0B}.Debug|Any CPU.Build.0 = Debug|Any CPU
		{6E078F57-F339-4A88-9CA2-99606CF79B0B}.Release|Any CPU.ActiveCfg = Release|Any CPU
		{6E078F57-F339-4A88-9CA2-99606CF79B0B}.Release|Any CPU.Build.0 = Release|Any CPU
		{90E9ACF2-3040-488B-A29A-2CCD0B750640}.Debug|Any CPU.ActiveCfg = Debug|Any CPU
		{90E9ACF2-3040-488B-A29A-2CCD0B750640}.Debug|Any CPU.Build.0 = Debug|Any CPU
		{90E9ACF2-3040-488B-A29A-2CCD0B750640}.Release|Any CPU.ActiveCfg = Release|Any CPU
		{90E9ACF2-3040-488B-A29A-2CCD0B750640}.Release|Any CPU.Build.0 = Release|Any CPU
	EndGlobalSection
	GlobalSection(SolutionProperties) = preSolution
		HideSolutionNode = FALSE
	EndGlobalSection
EndGlobal
